
Microsoft Visual Studio Solution File, Format Version 12.00
# Visual Studio Version 17
VisualStudioVersion = 17.14.36616.10
MinimumVisualStudioVersion = 10.0.40219.1
Project("{FAE04EC0-301F-11D3-BF4B-00C04F79EFBC}") = "CentauriSeo.Core", "CentauriSeo.Core\CentauriSeo.Core.csproj", "{4C6FEB72-AF13-489A-A1D8-47392FEFDAC9}"
EndProject
Project("{FAE04EC0-301F-11D3-BF4B-00C04F79EFBC}") = "CentauriSeo.Application", "CentauriSeo.Application\CentauriSeo.Application.csproj", "{75189831-8461-41E8-A27E-A0098793FAAC}"
EndProject
Project("{FAE04EC0-301F-11D3-BF4B-00C04F79EFBC}") = "CentauriSeo.Infrastructure", "CentauriSeo.Infrastructure\CentauriSeo.Infrastructure.csproj", "{95BBD184-C373-4465-9CE5-CFC8FD232062}"
EndProject
Project("{FAE04EC0-301F-11D3-BF4B-00C04F79EFBC}") = "Centauri.Api", "Centauri.Api\Centauri.Api.csproj", "{C206AC13-DD5B-9C0A-30B6-A143561B16A6}"
EndProject
Global
	GlobalSection(SolutionConfigurationPlatforms) = preSolution
		Debug|Any CPU = Debug|Any CPU
		Release|Any CPU = Release|Any CPU
	EndGlobalSection
	GlobalSection(ProjectConfigurationPlatforms) = postSolution
		{4C6FEB72-AF13-489A-A1D8-47392FEFDAC9}.Debug|Any CPU.ActiveCfg = Debug|Any CPU
		{4C6FEB72-AF13-489A-A1D8-47392FEFDAC9}.Debug|Any CPU.Build.0 = Debug|Any CPU
		{4C6FEB72-AF13-489A-A1D8-47392FEFDAC9}.Release|Any CPU.ActiveCfg = Release|Any CPU
		{4C6FEB72-AF13-489A-A1D8-47392FEFDAC9}.Release|Any CPU.Build.0 = Release|Any CPU
		{75189831-8461-41E8-A27E-A0098793FAAC}.Debug|Any CPU.ActiveCfg = Debug|Any CPU
		{75189831-8461-41E8-A27E-A0098793FAAC}.Debug|Any CPU.Build.0 = Debug|Any CPU
		{75189831-8461-41E8-A27E-A0098793FAAC}.Release|Any CPU.ActiveCfg = Release|Any CPU
		{75189831-8461-41E8-A27E-A0098793FAAC}.Release|Any CPU.Build.0 = Release|Any CPU
		{95BBD184-C373-4465-9CE5-CFC8FD232062}.Debug|Any CPU.ActiveCfg = Debug|Any CPU
		{95BBD184-C373-4465-9CE5-CFC8FD232062}.Debug|Any CPU.Build.0 = Debug|Any CPU
		{95BBD184-C373-4465-9CE5-CFC8FD232062}.Release|Any CPU.ActiveCfg = Release|Any CPU
		{95BBD184-C373-4465-9CE5-CFC8FD232062}.Release|Any CPU.Build.0 = Release|Any CPU
		{C206AC13-DD5B-9C0A-30B6-A143561B16A6}.Debug|Any CPU.ActiveCfg = Debug|Any CPU
		{C206AC13-DD5B-9C0A-30B6-A143561B16A6}.Debug|Any CPU.Build.0 = Debug|Any CPU
		{C206AC13-DD5B-9C0A-30B6-A143561B16A6}.Release|Any CPU.ActiveCfg = Release|Any CPU
		{C206AC13-DD5B-9C0A-30B6-A143561B16A6}.Release|Any CPU.Build.0 = Release|Any CPU
	EndGlobalSection
	GlobalSection(SolutionProperties) = preSolution
		HideSolutionNode = FALSE
	EndGlobalSection
	GlobalSection(ExtensibilityGlobals) = postSolution
		SolutionGuid = {16106F70-C653-4E61-B6FC-89029E13AA4E}
	EndGlobalSection
EndGlobal
